// !$*UTF8*$!
{
	archiveVersion = 1;
	classes = {
	};
	objectVersion = 55;
	objects = {

/* Begin PBXBuildFile section */
		60963FE327E55D0C00897373 /* HoneymoonModel.swift in Sources */ = {isa = PBXBuildFile; fileRef = 60963FE227E55D0C00897373 /* HoneymoonModel.swift */; };
		60963FE627E55D4D00897373 /* HoneymoonData.swift in Sources */ = {isa = PBXBuildFile; fileRef = 60963FE527E55D4D00897373 /* HoneymoonData.swift */; };
		60963FEA27E55DF600897373 /* CardView.swift in Sources */ = {isa = PBXBuildFile; fileRef = 60963FE927E55DF600897373 /* CardView.swift */; };
		60B4AB1D27E7BCD900B964D7 /* HeaderView.swift in Sources */ = {isa = PBXBuildFile; fileRef = 60B4AB1C27E7BCD900B964D7 /* HeaderView.swift */; };
		60B4AB1F27E7C4C200B964D7 /* FooterView.swift in Sources */ = {isa = PBXBuildFile; fileRef = 60B4AB1E27E7C4C200B964D7 /* FooterView.swift */; };
		60B4AB2227E7C71D00B964D7 /* HeaderComponent.swift in Sources */ = {isa = PBXBuildFile; fileRef = 60B4AB2127E7C71D00B964D7 /* HeaderComponent.swift */; };
		60B4AB2427E7C7A300B964D7 /* GuideComponent.swift in Sources */ = {isa = PBXBuildFile; fileRef = 60B4AB2327E7C7A300B964D7 /* GuideComponent.swift */; };
		60B4AB2627E7C9F800B964D7 /* GuideView.swift in Sources */ = {isa = PBXBuildFile; fileRef = 60B4AB2527E7C9F800B964D7 /* GuideView.swift */; };
		60EF374227E55612001F185A /* HoneyMoonApp.swift in Sources */ = {isa = PBXBuildFile; fileRef = 60EF374127E55612001F185A /* HoneyMoonApp.swift */; };
		60EF374427E55612001F185A /* ContentView.swift in Sources */ = {isa = PBXBuildFile; fileRef = 60EF374327E55612001F185A /* ContentView.swift */; };
		60EF374627E55615001F185A /* Assets.xcassets in Resources */ = {isa = PBXBuildFile; fileRef = 60EF374527E55615001F185A /* Assets.xcassets */; };
		60EF374927E55615001F185A /* Preview Assets.xcassets in Resources */ = {isa = PBXBuildFile; fileRef = 60EF374827E55615001F185A /* Preview Assets.xcassets */; };
		60EF375027E557BE001F185A /* Sounds in Resources */ = {isa = PBXBuildFile; fileRef = 60EF374F27E557BE001F185A /* Sounds */; };
/* End PBXBuildFile section */

/* Begin PBXFileReference section */
		60963FE127E55AE200897373 /* Info.plist */ = {isa = PBXFileReference; lastKnownFileType = text.plist; path = Info.plist; sourceTree = "<group>"; };
		60963FE227E55D0C00897373 /* HoneymoonModel.swift */ = {isa = PBXFileReference; lastKnownFileType = sourcecode.swift; path = HoneymoonModel.swift; sourceTree = "<group>"; };
		60963FE527E55D4D00897373 /* HoneymoonData.swift */ = {isa = PBXFileReference; lastKnownFileType = sourcecode.swift; path = HoneymoonData.swift; sourceTree = "<group>"; };
		60963FE927E55DF600897373 /* CardView.swift */ = {isa = PBXFileReference; lastKnownFileType = sourcecode.swift; path = CardView.swift; sourceTree = "<group>"; };
		60B4AB1C27E7BCD900B964D7 /* HeaderView.swift */ = {isa = PBXFileReference; lastKnownFileType = sourcecode.swift; path = HeaderView.swift; sourceTree = "<group>"; };
		60B4AB1E27E7C4C200B964D7 /* FooterView.swift */ = {isa = PBXFileReference; lastKnownFileType = sourcecode.swift; path = FooterView.swift; sourceTree = "<group>"; };
		60B4AB2127E7C71D00B964D7 /* HeaderComponent.swift */ = {isa = PBXFileReference; lastKnownFileType = sourcecode.swift; path = HeaderComponent.swift; sourceTree = "<group>"; };
		60B4AB2327E7C7A300B964D7 /* GuideComponent.swift */ = {isa = PBXFileReference; lastKnownFileType = sourcecode.swift; path = GuideComponent.swift; sourceTree = "<group>"; };
		60B4AB2527E7C9F800B964D7 /* GuideView.swift */ = {isa = PBXFileReference; lastKnownFileType = sourcecode.swift; path = GuideView.swift; sourceTree = "<group>"; };
		60EF373E27E55612001F185A /* HoneyMoon.app */ = {isa = PBXFileReference; explicitFileType = wrapper.application; includeInIndex = 0; path = HoneyMoon.app; sourceTree = BUILT_PRODUCTS_DIR; };
		60EF374127E55612001F185A /* HoneyMoonApp.swift */ = {isa = PBXFileReference; lastKnownFileType = sourcecode.swift; path = HoneyMoonApp.swift; sourceTree = "<group>"; };
		60EF374327E55612001F185A /* ContentView.swift */ = {isa = PBXFileReference; lastKnownFileType = sourcecode.swift; path = ContentView.swift; sourceTree = "<group>"; };
		60EF374527E55615001F185A /* Assets.xcassets */ = {isa = PBXFileReference; lastKnownFileType = folder.assetcatalog; path = Assets.xcassets; sourceTree = "<group>"; };
		60EF374827E55615001F185A /* Preview Assets.xcassets */ = {isa = PBXFileReference; lastKnownFileType = folder.assetcatalog; path = "Preview Assets.xcassets"; sourceTree = "<group>"; };
		60EF374F27E557BE001F185A /* Sounds */ = {isa = PBXFileReference; lastKnownFileType = folder; name = Sounds; path = ../../../Resources/Sounds; sourceTree = "<group>"; };
/* End PBXFileReference section */

/* Begin PBXFrameworksBuildPhase section */
		60EF373B27E55612001F185A /* Frameworks */ = {
			isa = PBXFrameworksBuildPhase;
			buildActionMask = 2147483647;
			files = (
			);
			runOnlyForDeploymentPostprocessing = 0;
		};
/* End PBXFrameworksBuildPhase section */

/* Begin PBXGroup section */
		60963FE427E55D3300897373 /* Model */ = {
			isa = PBXGroup;
			children = (
				60963FE227E55D0C00897373 /* HoneymoonModel.swift */,
			);
			path = Model;
			sourceTree = "<group>";
		};
		60963FE727E55D5100897373 /* Data */ = {
			isa = PBXGroup;
			children = (
				60963FE527E55D4D00897373 /* HoneymoonData.swift */,
			);
			path = Data;
			sourceTree = "<group>";
		};
		60963FE827E55DC600897373 /* View */ = {
			isa = PBXGroup;
			children = (
				60EF374327E55612001F185A /* ContentView.swift */,
				60963FE927E55DF600897373 /* CardView.swift */,
				60B4AB1C27E7BCD900B964D7 /* HeaderView.swift */,
				60B4AB1E27E7C4C200B964D7 /* FooterView.swift */,
				60B4AB2527E7C9F800B964D7 /* GuideView.swift */,
			);
			path = View;
			sourceTree = "<group>";
		};
		60B4AB2027E7C70F00B964D7 /* Component */ = {
			isa = PBXGroup;
			children = (
				60B4AB2127E7C71D00B964D7 /* HeaderComponent.swift */,
				60B4AB2327E7C7A300B964D7 /* GuideComponent.swift */,
			);
			path = Component;
			sourceTree = "<group>";
		};
		60EF373527E55612001F185A = {
			isa = PBXGroup;
			children = (
				60EF374027E55612001F185A /* HoneyMoon */,
				60EF373F27E55612001F185A /* Products */,
			);
			sourceTree = "<group>";
		};
		60EF373F27E55612001F185A /* Products */ = {
			isa = PBXGroup;
			children = (
				60EF373E27E55612001F185A /* HoneyMoon.app */,
			);
			name = Products;
			sourceTree = "<group>";
		};
		60EF374027E55612001F185A /* HoneyMoon */ = {
			isa = PBXGroup;
			children = (
				60B4AB2027E7C70F00B964D7 /* Component */,
				60963FE827E55DC600897373 /* View */,
				60963FE127E55AE200897373 /* Info.plist */,
				60EF374F27E557BE001F185A /* Sounds */,
				60EF374127E55612001F185A /* HoneyMoonApp.swift */,
				60EF374527E55615001F185A /* Assets.xcassets */,
				60EF374727E55615001F185A /* Preview Content */,
				60963FE427E55D3300897373 /* Model */,
				60963FE727E55D5100897373 /* Data */,
			);
			path = HoneyMoon;
			sourceTree = "<group>";
		};
		60EF374727E55615001F185A /* Preview Content */ = {
			isa = PBXGroup;
			children = (
				60EF374827E55615001F185A /* Preview Assets.xcassets */,
			);
			path = "Preview Content";
			sourceTree = "<group>";
		};
/* End PBXGroup section */

/* Begin PBXNativeTarget section */
		60EF373D27E55612001F185A /* HoneyMoon */ = {
			isa = PBXNativeTarget;
			buildConfigurationList = 60EF374C27E55615001F185A /* Build configuration list for PBXNativeTarget "HoneyMoon" */;
			buildPhases = (
				60EF373A27E55612001F185A /* Sources */,
				60EF373B27E55612001F185A /* Frameworks */,
				60EF373C27E55612001F185A /* Resources */,
			);
			buildRules = (
			);
			dependencies = (
			);
			name = HoneyMoon;
			productName = HoneyMoon;
			productReference = 60EF373E27E55612001F185A /* HoneyMoon.app */;
			productType = "com.apple.product-type.application";
		};
/* End PBXNativeTarget section */

/* Begin PBXProject section */
		60EF373627E55612001F185A /* Project object */ = {
			isa = PBXProject;
			attributes = {
				BuildIndependentTargetsInParallel = 1;
				LastSwiftUpdateCheck = 1330;
				LastUpgradeCheck = 1330;
				TargetAttributes = {
					60EF373D27E55612001F185A = {
						CreatedOnToolsVersion = 13.3;
					};
				};
			};
			buildConfigurationList = 60EF373927E55612001F185A /* Build configuration list for PBXProject "HoneyMoon" */;
			compatibilityVersion = "Xcode 13.0";
			developmentRegion = en;
			hasScannedForEncodings = 0;
			knownRegions = (
				en,
				Base,
			);
			mainGroup = 60EF373527E55612001F185A;
			productRefGroup = 60EF373F27E55612001F185A /* Products */;
			projectDirPath = "";
			projectRoot = "";
			targets = (
				60EF373D27E55612001F185A /* HoneyMoon */,
			);
		};
/* End PBXProject section */

/* Begin PBXResourcesBuildPhase section */
		60EF373C27E55612001F185A /* Resources */ = {
			isa = PBXResourcesBuildPhase;
			buildActionMask = 2147483647;
			files = (
				60EF375027E557BE001F185A /* Sounds in Resources */,
				60EF374927E55615001F185A /* Preview Assets.xcassets in Resources */,
				60EF374627E55615001F185A /* Assets.xcassets in Resources */,
			);
			runOnlyForDeploymentPostprocessing = 0;
		};
/* End PBXResourcesBuildPhase section */

/* Begin PBXSourcesBuildPhase section */
		60EF373A27E55612001F185A /* Sources */ = {
			isa = PBXSourcesBuildPhase;
			buildActionMask = 2147483647;
			files = (
				60963FE627E55D4D00897373 /* HoneymoonData.swift in Sources */,
				60B4AB1F27E7C4C200B964D7 /* FooterView.swift in Sources */,
				60B4AB1D27E7BCD900B964D7 /* HeaderView.swift in Sources */,
				60963FE327E55D0C00897373 /* HoneymoonModel.swift in Sources */,
				60B4AB2227E7C71D00B964D7 /* HeaderComponent.swift in Sources */,
				60EF374427E55612001F185A /* ContentView.swift in Sources */,
				60EF374227E55612001F185A /* HoneyMoonApp.swift in Sources */,
				60963FEA27E55DF600897373 /* CardView.swift in Sources */,
				60B4AB2427E7C7A300B964D7 /* GuideComponent.swift in Sources */,
				60B4AB2627E7C9F800B964D7 /* GuideView.swift in Sources */,
			);
			runOnlyForDeploymentPostprocessing = 0;
		};
/* End PBXSourcesBuildPhase section */

/* Begin XCBuildConfiguration section */
		60EF374A27E55615001F185A /* Debug */ = {
			isa = XCBuildConfiguration;
			buildSettings = {
				ALWAYS_SEARCH_USER_PATHS = NO;
				CLANG_ANALYZER_NONNULL = YES;
				CLANG_ANALYZER_NUMBER_OBJECT_CONVERSION = YES_AGGRESSIVE;
				CLANG_CXX_LANGUAGE_STANDARD = "gnu++17";
				CLANG_ENABLE_MODULES = YES;
				CLANG_ENABLE_OBJC_ARC = YES;
				CLANG_ENABLE_OBJC_WEAK = YES;
				CLANG_WARN_BLOCK_CAPTURE_AUTORELEASING = YES;
				CLANG_WARN_BOOL_CONVERSION = YES;
				CLANG_WARN_COMMA = YES;
				CLANG_WARN_CONSTANT_CONVERSION = YES;
				CLANG_WARN_DEPRECATED_OBJC_IMPLEMENTATIONS = YES;
				CLANG_WARN_DIRECT_OBJC_ISA_USAGE = YES_ERROR;
				CLANG_WARN_DOCUMENTATION_COMMENTS = YES;
				CLANG_WARN_EMPTY_BODY = YES;
				CLANG_WARN_ENUM_CONVERSION = YES;
				CLANG_WARN_INFINITE_RECURSION = YES;
				CLANG_WARN_INT_CONVERSION = YES;
				CLANG_WARN_NON_LITERAL_NULL_CONVERSION = YES;
				CLANG_WARN_OBJC_IMPLICIT_RETAIN_SELF = YES;
				CLANG_WARN_OBJC_LITERAL_CONVERSION = YES;
				CLANG_WARN_OBJC_ROOT_CLASS = YES_ERROR;
				CLANG_WARN_QUOTED_INCLUDE_IN_FRAMEWORK_HEADER = YES;
				CLANG_WARN_RANGE_LOOP_ANALYSIS = YES;
				CLANG_WARN_STRICT_PROTOTYPES = YES;
				CLANG_WARN_SUSPICIOUS_MOVE = YES;
				CLANG_WARN_UNGUARDED_AVAILABILITY = YES_AGGRESSIVE;
				CLANG_WARN_UNREACHABLE_CODE = YES;
				CLANG_WARN__DUPLICATE_METHOD_MATCH = YES;
				COPY_PHASE_STRIP = NO;
				DEBUG_INFORMATION_FORMAT = dwarf;
				ENABLE_STRICT_OBJC_MSGSEND = YES;
				ENABLE_TESTABILITY = YES;
				GCC_C_LANGUAGE_STANDARD = gnu11;
				GCC_DYNAMIC_NO_PIC = NO;
				GCC_NO_COMMON_BLOCKS = YES;
				GCC_OPTIMIZATION_LEVEL = 0;
				GCC_PREPROCESSOR_DEFINITIONS = (
					"DEBUG=1",
					"$(inherited)",
				);
				GCC_WARN_64_TO_32_BIT_CONVERSION = YES;
				GCC_WARN_ABOUT_RETURN_TYPE = YES_ERROR;
				GCC_WARN_UNDECLARED_SELECTOR = YES;
				GCC_WARN_UNINITIALIZED_AUTOS = YES_AGGRESSIVE;
				GCC_WARN_UNUSED_FUNCTION = YES;
				GCC_WARN_UNUSED_VARIABLE = YES;
				IPHONEOS_DEPLOYMENT_TARGET = 15.4;
				MTL_ENABLE_DEBUG_INFO = INCLUDE_SOURCE;
				MTL_FAST_MATH = YES;
				ONLY_ACTIVE_ARCH = YES;
				SDKROOT = iphoneos;
				SWIFT_ACTIVE_COMPILATION_CONDITIONS = DEBUG;
				SWIFT_OPTIMIZATION_LEVEL = "-Onone";
			};
			name = Debug;
		};
		60EF374B27E55615001F185A /* Release */ = {
			isa = XCBuildConfiguration;
			buildSettings = {
				ALWAYS_SEARCH_USER_PATHS = NO;
				CLANG_ANALYZER_NONNULL = YES;
				CLANG_ANALYZER_NUMBER_OBJECT_CONVERSION = YES_AGGRESSIVE;
				CLANG_CXX_LANGUAGE_STANDARD = "gnu++17";
				CLANG_ENABLE_MODULES = YES;
				CLANG_ENABLE_OBJC_ARC = YES;
				CLANG_ENABLE_OBJC_WEAK = YES;
				CLANG_WARN_BLOCK_CAPTURE_AUTORELEASING = YES;
				CLANG_WARN_BOOL_CONVERSION = YES;
				CLANG_WARN_COMMA = YES;
				CLANG_WARN_CONSTANT_CONVERSION = YES;
				CLANG_WARN_DEPRECATED_OBJC_IMPLEMENTATIONS = YES;
				CLANG_WARN_DIRECT_OBJC_ISA_USAGE = YES_ERROR;
				CLANG_WARN_DOCUMENTATION_COMMENTS = YES;
				CLANG_WARN_EMPTY_BODY = YES;
				CLANG_WARN_ENUM_CONVERSION = YES;
				CLANG_WARN_INFINITE_RECURSION = YES;
				CLANG_WARN_INT_CONVERSION = YES;
				CLANG_WARN_NON_LITERAL_NULL_CONVERSION = YES;
				CLANG_WARN_OBJC_IMPLICIT_RETAIN_SELF = YES;
				CLANG_WARN_OBJC_LITERAL_CONVERSION = YES;
				CLANG_WARN_OBJC_ROOT_CLASS = YES_ERROR;
				CLANG_WARN_QUOTED_INCLUDE_IN_FRAMEWORK_HEADER = YES;
				CLANG_WARN_RANGE_LOOP_ANALYSIS = YES;
				CLANG_WARN_STRICT_PROTOTYPES = YES;
				CLANG_WARN_SUSPICIOUS_MOVE = YES;
				CLANG_WARN_UNGUARDED_AVAILABILITY = YES_AGGRESSIVE;
				CLANG_WARN_UNREACHABLE_CODE = YES;
				CLANG_WARN__DUPLICATE_METHOD_MATCH = YES;
				COPY_PHASE_STRIP = NO;
				DEBUG_INFORMATION_FORMAT = "dwarf-with-dsym";
				ENABLE_NS_ASSERTIONS = NO;
				ENABLE_STRICT_OBJC_MSGSEND = YES;
				GCC_C_LANGUAGE_STANDARD = gnu11;
				GCC_NO_COMMON_BLOCKS = YES;
				GCC_WARN_64_TO_32_BIT_CONVERSION = YES;
				GCC_WARN_ABOUT_RETURN_TYPE = YES_ERROR;
				GCC_WARN_UNDECLARED_SELECTOR = YES;
				GCC_WARN_UNINITIALIZED_AUTOS = YES_AGGRESSIVE;
				GCC_WARN_UNUSED_FUNCTION = YES;
				GCC_WARN_UNUSED_VARIABLE = YES;
				IPHONEOS_DEPLOYMENT_TARGET = 15.4;
				MTL_ENABLE_DEBUG_INFO = NO;
				MTL_FAST_MATH = YES;
				SDKROOT = iphoneos;
				SWIFT_COMPILATION_MODE = wholemodule;
				SWIFT_OPTIMIZATION_LEVEL = "-O";
				VALIDATE_PRODUCT = YES;
			};
			name = Release;
		};
		60EF374D27E55615001F185A /* Debug */ = {
			isa = XCBuildConfiguration;
			buildSettings = {
				ASSETCATALOG_COMPILER_APPICON_NAME = AppIcon;
				ASSETCATALOG_COMPILER_GLOBAL_ACCENT_COLOR_NAME = AccentColor;
				CODE_SIGN_STYLE = Automatic;
				CURRENT_PROJECT_VERSION = 1;
				DEVELOPMENT_ASSET_PATHS = "\"HoneyMoon/Preview Content\"";
				DEVELOPMENT_TEAM = N4CRXDCNQC;
				ENABLE_PREVIEWS = YES;
				GENERATE_INFOPLIST_FILE = YES;
				INFOPLIST_FILE = HoneyMoon/Info.plist;
				INFOPLIST_KEY_UIApplicationSceneManifest_Generation = YES;
				INFOPLIST_KEY_UIApplicationSupportsIndirectInputEvents = YES;
				INFOPLIST_KEY_UISupportedInterfaceOrientations_iPad = "UIInterfaceOrientationPortrait UIInterfaceOrientationPortraitUpsideDown UIInterfaceOrientationLandscapeLeft UIInterfaceOrientationLandscapeRight";
				INFOPLIST_KEY_UISupportedInterfaceOrientations_iPhone = "UIInterfaceOrientationPortrait UIInterfaceOrientationLandscapeLeft UIInterfaceOrientationLandscapeRight";
				IPHONEOS_DEPLOYMENT_TARGET = 15.0;
				LD_RUNPATH_SEARCH_PATHS = (
					"$(inherited)",
					"@executable_path/Frameworks",
				);
				MARKETING_VERSION = 1.0;
				PRODUCT_BUNDLE_IDENTIFIER = com.devsolutions.marcoart.HoneyMoon;
				PRODUCT_NAME = "$(TARGET_NAME)";
				SWIFT_EMIT_LOC_STRINGS = YES;
				SWIFT_VERSION = 5.0;
				TARGETED_DEVICE_FAMILY = "1,2";
			};
			name = Debug;
		};
		60EF374E27E55615001F185A /* Release */ = {
			isa = XCBuildConfiguration;
			buildSettings = {
				ASSETCATALOG_COMPILER_APPICON_NAME = AppIcon;
				ASSETCATALOG_COMPILER_GLOBAL_ACCENT_COLOR_NAME = AccentColor;
				CODE_SIGN_STYLE = Automatic;
				CURRENT_PROJECT_VERSION = 1;
				DEVELOPMENT_ASSET_PATHS = "\"HoneyMoon/Preview Content\"";
				DEVELOPMENT_TEAM = N4CRXDCNQC;
				ENABLE_PREVIEWS = YES;
				GENERATE_INFOPLIST_FILE = YES;
				INFOPLIST_FILE = HoneyMoon/Info.plist;
				INFOPLIST_KEY_UIApplicationSceneManifest_Generation = YES;
				INFOPLIST_KEY_UIApplicationSupportsIndirectInputEvents = YES;
				INFOPLIST_KEY_UISupportedInterfaceOrientations_iPad = "UIInterfaceOrientationPortrait UIInterfaceOrientationPortraitUpsideDown UIInterfaceOrientationLandscapeLeft UIInterfaceOrientationLandscapeRight";
				INFOPLIST_KEY_UISupportedInterfaceOrientations_iPhone = "UIInterfaceOrientationPortrait UIInterfaceOrientationLandscapeLeft UIInterfaceOrientationLandscapeRight";
				IPHONEOS_DEPLOYMENT_TARGET = 15.0;
				LD_RUNPATH_SEARCH_PATHS = (
					"$(inherited)",
					"@executable_path/Frameworks",
				);
				MARKETING_VERSION = 1.0;
				PRODUCT_BUNDLE_IDENTIFIER = com.devsolutions.marcoart.HoneyMoon;
				PRODUCT_NAME = "$(TARGET_NAME)";
				SWIFT_EMIT_LOC_STRINGS = YES;
				SWIFT_VERSION = 5.0;
				TARGETED_DEVICE_FAMILY = "1,2";
			};
			name = Release;
		};
/* End XCBuildConfiguration section */

/* Begin XCConfigurationList section */
		60EF373927E55612001F185A /* Build configuration list for PBXProject "HoneyMoon" */ = {
			isa = XCConfigurationList;
			buildConfigurations = (
				60EF374A27E55615001F185A /* Debug */,
				60EF374B27E55615001F185A /* Release */,
			);
			defaultConfigurationIsVisible = 0;
			defaultConfigurationName = Release;
		};
		60EF374C27E55615001F185A /* Build configuration list for PBXNativeTarget "HoneyMoon" */ = {
			isa = XCConfigurationList;
			buildConfigurations = (
				60EF374D27E55615001F185A /* Debug */,
				60EF374E27E55615001F185A /* Release */,
			);
			defaultConfigurationIsVisible = 0;
			defaultConfigurationName = Release;
		};
/* End XCConfigurationList section */
	};
	rootObject = 60EF373627E55612001F185A /* Project object */;
}
